{
  "name": "aoc_2023",
  "version": "1.0.0",
  "lockfileVersion": 2,
  "requires": true,
  "packages": {
    "": {
      "name": "aoc_2023",
      "version": "1.0.0",
      "license": "ISC",
      "dependencies": {
        "callsite": "^1.0.0",
        "parent-module": "^3.1.0"
      },
      "devDependencies": {
        "@types/callsite": "^1.0.34",
        "@types/node": "^20.10.1"
      }
    },
    "node_modules/@types/callsite": {
      "version": "1.0.34",
      "resolved": "https://registry.npmjs.org/@types/callsite/-/callsite-1.0.34.tgz",
      "integrity": "sha512-eglitkkbqiQiijtKsUvOcQm+E6qLMPcggjDJXeqNBnLxdzffRGop2+2QDN/8pHh396/jN5cmIwweNKUqKJ50mQ==",
      "dev": true
    },
    "node_modules/@types/node": {
      "version": "20.10.1",
      "resolved": "https://registry.npmjs.org/@types/node/-/node-20.10.1.tgz",
      "integrity": "sha512-T2qwhjWwGH81vUEx4EXmBKsTJRXFXNZTL4v0gi01+zyBmCwzE6TyHszqX01m+QHTEq+EZNo13NeJIdEqf+Myrg==",
      "dev": true,
      "dependencies": {
        "undici-types": "~5.26.4"
      }
    },
    "node_modules/callsite": {
      "version": "1.0.0",
      "resolved": "https://registry.npmjs.org/callsite/-/callsite-1.0.0.tgz",
      "integrity": "sha512-0vdNRFXn5q+dtOqjfFtmtlI9N2eVZ7LMyEV2iKC5mEEFvSg/69Ml6b/WU2qF8W1nLRa0wiSrDT3Y5jOHZCwKPQ==",
      "engines": {
        "node": "*"
      }
    },
    "node_modules/callsites": {
      "version": "4.1.0",
      "resolved": "https://registry.npmjs.org/callsites/-/callsites-4.1.0.tgz",
      "integrity": "sha512-aBMbD1Xxay75ViYezwT40aQONfr+pSXTHwNKvIXhXD6+LY3F1dLIcceoC5OZKBVHbXcysz1hL9D2w0JJIMXpUw==",
      "engines": {
        "node": ">=12.20"
      },
      "funding": {
        "url": "https://github.com/sponsors/sindresorhus"
      }
    },
    "node_modules/parent-module": {
      "version": "3.1.0",
      "resolved": "https://registry.npmjs.org/parent-module/-/parent-module-3.1.0.tgz",
      "integrity": "sha512-FX4TpKXX6CesSm1D9y5IcF0/KdDjP/w0c1AKqreGZne2QyWiPWHfoApMaJl8zvH3DTh+xtVmlLIUqSSoPYjqLQ==",
      "dependencies": {
        "callsites": "^4.1.0"
      },
      "engines": {
        "node": "^12.20.0 || ^14.13.1 || >=16.0.0"
      },
      "funding": {
        "url": "https://github.com/sponsors/sindresorhus"
      }
    },
    "node_modules/undici-types": {
      "version": "5.26.5",
      "resolved": "https://registry.npmjs.org/undici-types/-/undici-types-5.26.5.tgz",
      "integrity": "sha512-JlCMO+ehdEIKqlFxk6IfVoAUVmgz7cU7zD/h9XZ0qzeosSHmUJVOzSQvvYSYWXkFXC+IfLKSIffhv0sVZup6pA==",
      "dev": true
    }
  },
  "dependencies": {
    "@types/callsite": {
      "version": "1.0.34",
      "resolved": "https://registry.npmjs.org/@types/callsite/-/callsite-1.0.34.tgz",
      "integrity": "sha512-eglitkkbqiQiijtKsUvOcQm+E6qLMPcggjDJXeqNBnLxdzffRGop2+2QDN/8pHh396/jN5cmIwweNKUqKJ50mQ==",
      "dev": true
    },
    "@types/node": {
      "version": "20.10.1",
      "resolved": "https://registry.npmjs.org/@types/node/-/node-20.10.1.tgz",
      "integrity": "sha512-T2qwhjWwGH81vUEx4EXmBKsTJRXFXNZTL4v0gi01+zyBmCwzE6TyHszqX01m+QHTEq+EZNo13NeJIdEqf+Myrg==",
      "dev": true,
      "requires": {
        "undici-types": "~5.26.4"
      }
    },
    "callsite": {
      "version": "1.0.0",
      "resolved": "https://registry.npmjs.org/callsite/-/callsite-1.0.0.tgz",
      "integrity": "sha512-0vdNRFXn5q+dtOqjfFtmtlI9N2eVZ7LMyEV2iKC5mEEFvSg/69Ml6b/WU2qF8W1nLRa0wiSrDT3Y5jOHZCwKPQ=="
    },
    "callsites": {
      "version": "4.1.0",
      "resolved": "https://registry.npmjs.org/callsites/-/callsites-4.1.0.tgz",
      "integrity": "sha512-aBMbD1Xxay75ViYezwT40aQONfr+pSXTHwNKvIXhXD6+LY3F1dLIcceoC5OZKBVHbXcysz1hL9D2w0JJIMXpUw=="
    },
    "parent-module": {
      "version": "3.1.0",
      "resolved": "https://registry.npmjs.org/parent-module/-/parent-module-3.1.0.tgz",
      "integrity": "sha512-FX4TpKXX6CesSm1D9y5IcF0/KdDjP/w0c1AKqreGZne2QyWiPWHfoApMaJl8zvH3DTh+xtVmlLIUqSSoPYjqLQ==",
      "requires": {
        "callsites": "^4.1.0"
      }
    },
    "undici-types": {
      "version": "5.26.5",
      "resolved": "https://registry.npmjs.org/undici-types/-/undici-types-5.26.5.tgz",
      "integrity": "sha512-JlCMO+ehdEIKqlFxk6IfVoAUVmgz7cU7zD/h9XZ0qzeosSHmUJVOzSQvvYSYWXkFXC+IfLKSIffhv0sVZup6pA==",
      "dev": true
    }
  }
}
